
Microsoft Visual Studio Solution File, Format Version 12.00
# Visual Studio Version 17
VisualStudioVersion = 17.8.34330.188
MinimumVisualStudioVersion = 10.0.40219.1
Project("{8BC9CEB8-8B4A-11D0-8D11-00A0C91BC942}") = "Engine", "Engine\Engine.vcxproj", "{0156D2EC-A542-46A9-97F6-8BB9CE5EC3D5}"
EndProject
Project("{8BC9CEB8-8B4A-11D0-8D11-00A0C91BC942}") = "SampleProject", "SampleProject\SampleProject.vcxproj", "{A13675B6-58B4-444D-877F-46BD07D9FC93}"
EndProject
Project("{8BC9CEB8-8B4A-11D0-8D11-00A0C91BC942}") = "RayTracing", "RayTracing\RayTracing.vcxproj", "{68713D02-023B-4416-9E0D-BC71BE533EC6}"
EndProject
Project("{8BC9CEB8-8B4A-11D0-8D11-00A0C91BC942}") = "FourierDrawing", "FourierDrawing\FourierDrawing.vcxproj", "{B18A355B-F353-4C89-AC23-2EFEC0C104CC}"
EndProject
Project("{8BC9CEB8-8B4A-11D0-8D11-00A0C91BC942}") = "EncodeTest", "EncodeTest\EncodeTest.vcxproj", "{B3A539E2-A69A-41B3-9D3D-BF7DF8428561}"
EndProject
Project("{8BC9CEB8-8B4A-11D0-8D11-00A0C91BC942}") = "FluidSimulation", "FluidSimulation\FluidSimulation.vcxproj", "{57BF9851-07E7-4C24-8C3F-A28F18F41942}"
EndProject
Project("{8BC9CEB8-8B4A-11D0-8D11-00A0C91BC942}") = "MandelBulb", "MandelBulb\MandelBulb.vcxproj", "{018B5D19-926B-45C3-BD59-30040FB50409}"
EndProject
Project("{8BC9CEB8-8B4A-11D0-8D11-00A0C91BC942}") = "CrytekSponza", "CrytekSponza\CrytekSponza.vcxproj", "{1DD61E0C-2055-4C30-B744-9923A093949F}"
EndProject
Project("{8BC9CEB8-8B4A-11D0-8D11-00A0C91BC942}") = "SimpleParticleEffect", "SimpleParticleEffect\SimpleParticleEffect.vcxproj", "{BEF2256D-25B7-44CB-A6E4-CF6F4B4074E6}"
EndProject
Project("{8BC9CEB8-8B4A-11D0-8D11-00A0C91BC942}") = "FFTOcean", "FFTOcean\FFTOcean.vcxproj", "{A31E940D-A3E0-4ACD-81FF-008F5CB388B9}"
EndProject
Global
	GlobalSection(SolutionConfigurationPlatforms) = preSolution
		Debug|x64 = Debug|x64
		Debug|x86 = Debug|x86
		Release|x64 = Release|x64
		Release|x86 = Release|x86
	EndGlobalSection
	GlobalSection(ProjectConfigurationPlatforms) = postSolution
		{0156D2EC-A542-46A9-97F6-8BB9CE5EC3D5}.Debug|x64.ActiveCfg = Debug|x64
		{0156D2EC-A542-46A9-97F6-8BB9CE5EC3D5}.Debug|x64.Build.0 = Debug|x64
		{0156D2EC-A542-46A9-97F6-8BB9CE5EC3D5}.Debug|x86.ActiveCfg = Debug|Win32
		{0156D2EC-A542-46A9-97F6-8BB9CE5EC3D5}.Debug|x86.Build.0 = Debug|Win32
		{0156D2EC-A542-46A9-97F6-8BB9CE5EC3D5}.Release|x64.ActiveCfg = Release|x64
		{0156D2EC-A542-46A9-97F6-8BB9CE5EC3D5}.Release|x64.Build.0 = Release|x64
		{0156D2EC-A542-46A9-97F6-8BB9CE5EC3D5}.Release|x86.ActiveCfg = Release|Win32
		{0156D2EC-A542-46A9-97F6-8BB9CE5EC3D5}.Release|x86.Build.0 = Release|Win32
		{A13675B6-58B4-444D-877F-46BD07D9FC93}.Debug|x64.ActiveCfg = Debug|x64
		{A13675B6-58B4-444D-877F-46BD07D9FC93}.Debug|x64.Build.0 = Debug|x64
		{A13675B6-58B4-444D-877F-46BD07D9FC93}.Debug|x86.ActiveCfg = Debug|Win32
		{A13675B6-58B4-444D-877F-46BD07D9FC93}.Debug|x86.Build.0 = Debug|Win32
		{A13675B6-58B4-444D-877F-46BD07D9FC93}.Release|x64.ActiveCfg = Release|x64
		{A13675B6-58B4-444D-877F-46BD07D9FC93}.Release|x64.Build.0 = Release|x64
		{A13675B6-58B4-444D-877F-46BD07D9FC93}.Release|x86.ActiveCfg = Release|Win32
		{A13675B6-58B4-444D-877F-46BD07D9FC93}.Release|x86.Build.0 = Release|Win32
		{68713D02-023B-4416-9E0D-BC71BE533EC6}.Debug|x64.ActiveCfg = Debug|x64
		{68713D02-023B-4416-9E0D-BC71BE533EC6}.Debug|x64.Build.0 = Debug|x64
		{68713D02-023B-4416-9E0D-BC71BE533EC6}.Debug|x86.ActiveCfg = Debug|Win32
		{68713D02-023B-4416-9E0D-BC71BE533EC6}.Debug|x86.Build.0 = Debug|Win32
		{68713D02-023B-4416-9E0D-BC71BE533EC6}.Release|x64.ActiveCfg = Release|x64
		{68713D02-023B-4416-9E0D-BC71BE533EC6}.Release|x64.Build.0 = Release|x64
		{68713D02-023B-4416-9E0D-BC71BE533EC6}.Release|x86.ActiveCfg = Release|Win32
		{68713D02-023B-4416-9E0D-BC71BE533EC6}.Release|x86.Build.0 = Release|Win32
		{B18A355B-F353-4C89-AC23-2EFEC0C104CC}.Debug|x64.ActiveCfg = Debug|x64
		{B18A355B-F353-4C89-AC23-2EFEC0C104CC}.Debug|x64.Build.0 = Debug|x64
		{B18A355B-F353-4C89-AC23-2EFEC0C104CC}.Debug|x86.ActiveCfg = Debug|Win32
		{B18A355B-F353-4C89-AC23-2EFEC0C104CC}.Debug|x86.Build.0 = Debug|Win32
		{B18A355B-F353-4C89-AC23-2EFEC0C104CC}.Release|x64.ActiveCfg = Release|x64
		{B18A355B-F353-4C89-AC23-2EFEC0C104CC}.Release|x64.Build.0 = Release|x64
		{B18A355B-F353-4C89-AC23-2EFEC0C104CC}.Release|x86.ActiveCfg = Release|Win32
		{B18A355B-F353-4C89-AC23-2EFEC0C104CC}.Release|x86.Build.0 = Release|Win32
		{B3A539E2-A69A-41B3-9D3D-BF7DF8428561}.Debug|x64.ActiveCfg = Debug|x64
		{B3A539E2-A69A-41B3-9D3D-BF7DF8428561}.Debug|x64.Build.0 = Debug|x64
		{B3A539E2-A69A-41B3-9D3D-BF7DF8428561}.Debug|x86.ActiveCfg = Debug|Win32
		{B3A539E2-A69A-41B3-9D3D-BF7DF8428561}.Debug|x86.Build.0 = Debug|Win32
		{B3A539E2-A69A-41B3-9D3D-BF7DF8428561}.Release|x64.ActiveCfg = Release|x64
		{B3A539E2-A69A-41B3-9D3D-BF7DF8428561}.Release|x64.Build.0 = Release|x64
		{B3A539E2-A69A-41B3-9D3D-BF7DF8428561}.Release|x86.ActiveCfg = Release|Win32
		{B3A539E2-A69A-41B3-9D3D-BF7DF8428561}.Release|x86.Build.0 = Release|Win32
		{57BF9851-07E7-4C24-8C3F-A28F18F41942}.Debug|x64.ActiveCfg = Debug|x64
		{57BF9851-07E7-4C24-8C3F-A28F18F41942}.Debug|x64.Build.0 = Debug|x64
		{57BF9851-07E7-4C24-8C3F-A28F18F41942}.Debug|x86.ActiveCfg = Debug|Win32
		{57BF9851-07E7-4C24-8C3F-A28F18F41942}.Debug|x86.Build.0 = Debug|Win32
		{57BF9851-07E7-4C24-8C3F-A28F18F41942}.Release|x64.ActiveCfg = Release|x64
		{57BF9851-07E7-4C24-8C3F-A28F18F41942}.Release|x64.Build.0 = Release|x64
		{57BF9851-07E7-4C24-8C3F-A28F18F41942}.Release|x86.ActiveCfg = Release|Win32
		{57BF9851-07E7-4C24-8C3F-A28F18F41942}.Release|x86.Build.0 = Release|Win32
		{018B5D19-926B-45C3-BD59-30040FB50409}.Debug|x64.ActiveCfg = Debug|x64
		{018B5D19-926B-45C3-BD59-30040FB50409}.Debug|x64.Build.0 = Debug|x64
		{018B5D19-926B-45C3-BD59-30040FB50409}.Debug|x86.ActiveCfg = Debug|Win32
		{018B5D19-926B-45C3-BD59-30040FB50409}.Debug|x86.Build.0 = Debug|Win32
		{018B5D19-926B-45C3-BD59-30040FB50409}.Release|x64.ActiveCfg = Release|x64
		{018B5D19-926B-45C3-BD59-30040FB50409}.Release|x64.Build.0 = Release|x64
		{018B5D19-926B-45C3-BD59-30040FB50409}.Release|x86.ActiveCfg = Release|Win32
		{018B5D19-926B-45C3-BD59-30040FB50409}.Release|x86.Build.0 = Release|Win32
		{1DD61E0C-2055-4C30-B744-9923A093949F}.Debug|x64.ActiveCfg = Debug|x64
		{1DD61E0C-2055-4C30-B744-9923A093949F}.Debug|x64.Build.0 = Debug|x64
		{1DD61E0C-2055-4C30-B744-9923A093949F}.Debug|x86.ActiveCfg = Debug|Win32
		{1DD61E0C-2055-4C30-B744-9923A093949F}.Debug|x86.Build.0 = Debug|Win32
		{1DD61E0C-2055-4C30-B744-9923A093949F}.Release|x64.ActiveCfg = Release|x64
		{1DD61E0C-2055-4C30-B744-9923A093949F}.Release|x64.Build.0 = Release|x64
		{1DD61E0C-2055-4C30-B744-9923A093949F}.Release|x86.ActiveCfg = Release|Win32
		{1DD61E0C-2055-4C30-B744-9923A093949F}.Release|x86.Build.0 = Release|Win32
		{BEF2256D-25B7-44CB-A6E4-CF6F4B4074E6}.Debug|x64.ActiveCfg = Debug|x64
		{BEF2256D-25B7-44CB-A6E4-CF6F4B4074E6}.Debug|x64.Build.0 = Debug|x64
		{BEF2256D-25B7-44CB-A6E4-CF6F4B4074E6}.Debug|x86.ActiveCfg = Debug|Win32
		{BEF2256D-25B7-44CB-A6E4-CF6F4B4074E6}.Debug|x86.Build.0 = Debug|Win32
		{BEF2256D-25B7-44CB-A6E4-CF6F4B4074E6}.Release|x64.ActiveCfg = Release|x64
		{BEF2256D-25B7-44CB-A6E4-CF6F4B4074E6}.Release|x64.Build.0 = Release|x64
		{BEF2256D-25B7-44CB-A6E4-CF6F4B4074E6}.Release|x86.ActiveCfg = Release|Win32
		{BEF2256D-25B7-44CB-A6E4-CF6F4B4074E6}.Release|x86.Build.0 = Release|Win32
		{A31E940D-A3E0-4ACD-81FF-008F5CB388B9}.Debug|x64.ActiveCfg = Debug|x64
		{A31E940D-A3E0-4ACD-81FF-008F5CB388B9}.Debug|x64.Build.0 = Debug|x64
		{A31E940D-A3E0-4ACD-81FF-008F5CB388B9}.Debug|x86.ActiveCfg = Debug|Win32
		{A31E940D-A3E0-4ACD-81FF-008F5CB388B9}.Debug|x86.Build.0 = Debug|Win32
		{A31E940D-A3E0-4ACD-81FF-008F5CB388B9}.Release|x64.ActiveCfg = Release|x64
		{A31E940D-A3E0-4ACD-81FF-008F5CB388B9}.Release|x64.Build.0 = Release|x64
		{A31E940D-A3E0-4ACD-81FF-008F5CB388B9}.Release|x86.ActiveCfg = Release|Win32
		{A31E940D-A3E0-4ACD-81FF-008F5CB388B9}.Release|x86.Build.0 = Release|Win32
	EndGlobalSection
	GlobalSection(SolutionProperties) = preSolution
		HideSolutionNode = FALSE
	EndGlobalSection
	GlobalSection(ExtensibilityGlobals) = postSolution
		SolutionGuid = {919656DB-E614-40B0-8F9E-1EF4B422FFE5}
	EndGlobalSection
EndGlobal
