<?xml version="1.0" encoding="utf-8"?>
<Project ToolsVersion="4.0" xmlns="http://schemas.microsoft.com/developer/msbuild/2003">
  <ItemGroup>
    <Filter Include="源文件">
      <UniqueIdentifier>{4FC737F1-C7A5-4376-A066-2A32D752A2FF}</UniqueIdentifier>
      <Extensions>cpp;c;cc;cxx;c++;cppm;ixx;def;odl;idl;hpj;bat;asm;asmx</Extensions>
    </Filter>
    <Filter Include="头文件">
      <UniqueIdentifier>{93995380-89BD-4b04-88EB-625FBE52EBFB}</UniqueIdentifier>
      <Extensions>h;hh;hpp;hxx;h++;hm;inl;inc;ipp;xsd</Extensions>
    </Filter>
    <Filter Include="资源文件">
      <UniqueIdentifier>{67DA6AB6-F800-4c08-8B7A-83BB121AAD01}</UniqueIdentifier>
      <Extensions>rc;ico;cur;bmp;dlg;rc2;rct;bin;rgs;gif;jpg;jpeg;jpe;resx;tiff;tif;png;wav;mfcribbon-ms</Extensions>
    </Filter>
  </ItemGroup>
  <ItemGroup>
    <ClInclude Include="Inc\Gear\Window\Win32Form.h">
      <Filter>头文件</Filter>
    </ClInclude>
    <ClInclude Include="Inc\Gear\Gear.h">
      <Filter>头文件</Filter>
    </ClInclude>
    <ClInclude Include="Inc\Gear\Configuration.h">
      <Filter>头文件</Filter>
    </ClInclude>
    <ClInclude Include="Inc\Gear\Game.h">
      <Filter>头文件</Filter>
    </ClInclude>
    <ClInclude Include="Inc\Gear\Core\DX\Resource\Resource.h">
      <Filter>头文件</Filter>
    </ClInclude>
    <ClInclude Include="Inc\Gear\Core\GraphicsDevice.h">
      <Filter>头文件</Filter>
    </ClInclude>
    <ClInclude Include="Inc\Gear\Core\DX\Resource\Buffer.h">
      <Filter>头文件</Filter>
    </ClInclude>
    <ClInclude Include="Inc\Gear\Core\Graphics.h">
      <Filter>头文件</Filter>
    </ClInclude>
    <ClInclude Include="Inc\Gear\Core\DX\Resource\UploadHeap.h">
      <Filter>头文件</Filter>
    </ClInclude>
    <ClInclude Include="Inc\Gear\Core\CommandList.h">
      <Filter>头文件</Filter>
    </ClInclude>
    <ClInclude Include="Inc\Gear\Core\CommandAllocator.h">
      <Filter>头文件</Filter>
    </ClInclude>
    <ClInclude Include="Inc\Gear\Core\DX\Resource\Texture.h">
      <Filter>头文件</Filter>
    </ClInclude>
    <ClInclude Include="Inc\Gear\Core\RenderPass.h">
      <Filter>头文件</Filter>
    </ClInclude>
    <ClInclude Include="Inc\Gear\Core\RenderEngine.h">
      <Filter>头文件</Filter>
    </ClInclude>
    <ClInclude Include="Inc\Gear\Core\DescriptorHeap.h">
      <Filter>头文件</Filter>
    </ClInclude>
    <ClInclude Include="Inc\Gear\Core\GlobalRootSignature.h">
      <Filter>头文件</Filter>
    </ClInclude>
    <ClInclude Include="Inc\Gear\Core\RootSignature.h">
      <Filter>头文件</Filter>
    </ClInclude>
    <ClInclude Include="Inc\Gear\Core\GlobalDescriptorHeap.h">
      <Filter>头文件</Filter>
    </ClInclude>
    <ClInclude Include="Inc\Gear\Utils\Math.h">
      <Filter>头文件</Filter>
    </ClInclude>
    <ClInclude Include="Inc\Gear\Utils\Random.h">
      <Filter>头文件</Filter>
    </ClInclude>
    <ClInclude Include="Inc\Gear\Utils\Timer.h">
      <Filter>头文件</Filter>
    </ClInclude>
    <ClInclude Include="Inc\Gear\Utils\Utils.h">
      <Filter>头文件</Filter>
    </ClInclude>
    <ClInclude Include="Inc\Gear\Core\Resource\TextureRenderTarget.h">
      <Filter>头文件</Filter>
    </ClInclude>
    <ClInclude Include="Inc\Gear\Core\Resource\VertexBuffer.h">
      <Filter>头文件</Filter>
    </ClInclude>
    <ClInclude Include="Inc\Gear\Core\Resource\ConstantBuffer.h">
      <Filter>头文件</Filter>
    </ClInclude>
    <ClInclude Include="Inc\Gear\Core\Resource\IndexBuffer.h">
      <Filter>头文件</Filter>
    </ClInclude>
    <ClInclude Include="Inc\Gear\Core\Resource\TextureDepthStencil.h">
      <Filter>头文件</Filter>
    </ClInclude>
    <ClInclude Include="Inc\Gear\Core\Resource\IndexConstantBuffer.h">
      <Filter>头文件</Filter>
    </ClInclude>
    <ClInclude Include="Inc\Gear\Core\Camera.h">
      <Filter>头文件</Filter>
    </ClInclude>
    <ClInclude Include="Inc\Gear\Input\Event.h">
      <Filter>头文件</Filter>
    </ClInclude>
    <ClInclude Include="Inc\Gear\Input\Keyboard.h">
      <Filter>头文件</Filter>
    </ClInclude>
    <ClInclude Include="Inc\Gear\Input\Mouse.h">
      <Filter>头文件</Filter>
    </ClInclude>
    <ClInclude Include="External\stb_image\stb_image.h">
      <Filter>头文件</Filter>
    </ClInclude>
    <ClInclude Include="External\stb_image\stb_image_write.h">
      <Filter>头文件</Filter>
    </ClInclude>
    <ClInclude Include="External\DDSTextureLoader\DDSTextureLoader12.h">
      <Filter>头文件</Filter>
    </ClInclude>
    <ClInclude Include="Inc\Gear\Core\ConstantBufferPool.h">
      <Filter>头文件</Filter>
    </ClInclude>
    <ClInclude Include="Inc\Gear\Core\Shader.h">
      <Filter>头文件</Filter>
    </ClInclude>
    <ClInclude Include="Inc\Gear\Core\GraphicsContext.h">
      <Filter>头文件</Filter>
    </ClInclude>
    <ClInclude Include="Inc\Gear\Core\Gear2D\PrimitiveBatch.h">
      <Filter>头文件</Filter>
    </ClInclude>
    <ClInclude Include="Inc\Gear\Core\States.h">
      <Filter>头文件</Filter>
    </ClInclude>
    <ClInclude Include="Inc\Gear\Core\VideoEncoder\NvidiaEncoder.h">
      <Filter>头文件</Filter>
    </ClInclude>
    <ClInclude Include="Inc\Gear\Core\DX\Resource\ReadbackHeap.h">
      <Filter>头文件</Filter>
    </ClInclude>
    <ClInclude Include="Inc\Gear\Core\VideoEncoder\Encoder.h">
      <Filter>头文件</Filter>
    </ClInclude>
    <ClInclude Include="Inc\Gear\Core\Resource\SwapTexture.h">
      <Filter>头文件</Filter>
    </ClInclude>
    <ClInclude Include="Inc\Gear\Utils\Color.h">
      <Filter>头文件</Filter>
    </ClInclude>
    <ClInclude Include="Inc\Gear\Core\Effect\Effect.h">
      <Filter>头文件</Filter>
    </ClInclude>
    <ClInclude Include="Inc\Gear\Core\Effect\BloomEffect.h">
      <Filter>头文件</Filter>
    </ClInclude>
  </ItemGroup>
  <ItemGroup>
    <ClCompile Include="Src\Gear\Window\Win32Form.cpp">
      <Filter>源文件</Filter>
    </ClCompile>
    <ClCompile Include="Src\Gear\Configuration.cpp">
      <Filter>源文件</Filter>
    </ClCompile>
    <ClCompile Include="Src\Gear\Gear.cpp">
      <Filter>源文件</Filter>
    </ClCompile>
    <ClCompile Include="Src\Gear\Game.cpp">
      <Filter>源文件</Filter>
    </ClCompile>
    <ClCompile Include="Src\Gear\Core\DX\Resource\Resource.cpp">
      <Filter>源文件</Filter>
    </ClCompile>
    <ClCompile Include="Src\Gear\Core\GraphicsDevice.cpp">
      <Filter>源文件</Filter>
    </ClCompile>
    <ClCompile Include="Src\Gear\Core\DX\Resource\UploadHeap.cpp">
      <Filter>源文件</Filter>
    </ClCompile>
    <ClCompile Include="Src\Gear\Core\CommandList.cpp">
      <Filter>源文件</Filter>
    </ClCompile>
    <ClCompile Include="Src\Gear\Core\CommandAllocator.cpp">
      <Filter>源文件</Filter>
    </ClCompile>
    <ClCompile Include="Src\Gear\Core\DX\Resource\Buffer.cpp">
      <Filter>源文件</Filter>
    </ClCompile>
    <ClCompile Include="Src\Gear\Core\Graphics.cpp">
      <Filter>源文件</Filter>
    </ClCompile>
    <ClCompile Include="Src\Gear\Core\DX\Resource\Texture.cpp">
      <Filter>源文件</Filter>
    </ClCompile>
    <ClCompile Include="Src\Gear\Core\RenderPass.cpp">
      <Filter>源文件</Filter>
    </ClCompile>
    <ClCompile Include="Src\Gear\Core\RenderEngine.cpp">
      <Filter>源文件</Filter>
    </ClCompile>
    <ClCompile Include="Src\Gear\Core\DescriptorHeap.cpp">
      <Filter>源文件</Filter>
    </ClCompile>
    <ClCompile Include="Src\Gear\Core\GlobalRootSignature.cpp">
      <Filter>源文件</Filter>
    </ClCompile>
    <ClCompile Include="Src\Gear\Core\RootSignature.cpp">
      <Filter>源文件</Filter>
    </ClCompile>
    <ClCompile Include="Src\Gear\Core\GlobalDescriptorHeap.cpp">
      <Filter>源文件</Filter>
    </ClCompile>
    <ClCompile Include="Src\Gear\Utils\Math.cpp">
      <Filter>源文件</Filter>
    </ClCompile>
    <ClCompile Include="Src\Gear\Utils\Random.cpp">
      <Filter>源文件</Filter>
    </ClCompile>
    <ClCompile Include="Src\Gear\Utils\Timer.cpp">
      <Filter>源文件</Filter>
    </ClCompile>
    <ClCompile Include="Src\Gear\Utils\Utils.cpp">
      <Filter>源文件</Filter>
    </ClCompile>
    <ClCompile Include="Src\Gear\Core\Resource\TextureRenderTarget.cpp">
      <Filter>源文件</Filter>
    </ClCompile>
    <ClCompile Include="Src\Gear\Core\Resource\ConstantBuffer.cpp">
      <Filter>源文件</Filter>
    </ClCompile>
    <ClCompile Include="Src\Gear\Core\Resource\VertexBuffer.cpp">
      <Filter>源文件</Filter>
    </ClCompile>
    <ClCompile Include="Src\Gear\Core\Resource\IndexBuffer.cpp">
      <Filter>源文件</Filter>
    </ClCompile>
    <ClCompile Include="Src\Gear\Core\Resource\TextureDepthStencil.cpp">
      <Filter>源文件</Filter>
    </ClCompile>
    <ClCompile Include="Src\Gear\Core\Resource\IndexConstantBuffer.cpp">
      <Filter>源文件</Filter>
    </ClCompile>
    <ClCompile Include="Src\Gear\Core\Camera.cpp">
      <Filter>源文件</Filter>
    </ClCompile>
    <ClCompile Include="Src\Gear\Input\Event.cpp">
      <Filter>源文件</Filter>
    </ClCompile>
    <ClCompile Include="Src\Gear\Input\Keyboard.cpp">
      <Filter>源文件</Filter>
    </ClCompile>
    <ClCompile Include="Src\Gear\Input\Mouse.cpp">
      <Filter>源文件</Filter>
    </ClCompile>
    <ClCompile Include="External\stb_image\stb_image.cpp">
      <Filter>源文件</Filter>
    </ClCompile>
    <ClCompile Include="External\DDSTextureLoader\DDSTextureLoader12.cpp">
      <Filter>源文件</Filter>
    </ClCompile>
    <ClCompile Include="Src\Gear\Core\ConstantBufferPool.cpp">
      <Filter>源文件</Filter>
    </ClCompile>
    <ClCompile Include="Src\Gear\Core\Shader.cpp">
      <Filter>源文件</Filter>
    </ClCompile>
    <ClCompile Include="Src\Gear\Core\GraphicsContext.cpp">
      <Filter>源文件</Filter>
    </ClCompile>
    <ClCompile Include="Src\Gear\Core\Gear2D\PrimitiveBatch.cpp">
      <Filter>源文件</Filter>
    </ClCompile>
    <ClCompile Include="Src\Gear\Core\States.cpp">
      <Filter>源文件</Filter>
    </ClCompile>
    <ClCompile Include="Src\Gear\Core\DX\Resource\ReadbackHeap.cpp">
      <Filter>源文件</Filter>
    </ClCompile>
    <ClCompile Include="Src\Gear\Core\VideoEncoder\NvidiaEncoder.cpp">
      <Filter>源文件</Filter>
    </ClCompile>
    <ClCompile Include="Src\Gear\Core\VideoEncoder\Encoder.cpp">
      <Filter>源文件</Filter>
    </ClCompile>
    <ClCompile Include="Src\Gear\Core\Resource\SwapTexture.cpp">
      <Filter>源文件</Filter>
    </ClCompile>
    <ClCompile Include="Src\Gear\Utils\Color.cpp">
      <Filter>源文件</Filter>
    </ClCompile>
    <ClCompile Include="Src\Gear\Core\Effect\Effect.cpp">
      <Filter>源文件</Filter>
    </ClCompile>
    <ClCompile Include="Src\Gear\Core\Effect\BloomEffect.cpp">
      <Filter>源文件</Filter>
    </ClCompile>
  </ItemGroup>
  <ItemGroup>
    <FxCompile Include="Shaders\FullScreen\FullScreenVS.hlsl" />
    <FxCompile Include="Shaders\PrimitiveBatch\PrimitiveBatchCircleVS.hlsl" />
    <FxCompile Include="Shaders\PrimitiveBatch\PrimitiveBatchLineGS.hlsl" />
    <FxCompile Include="Shaders\PrimitiveBatch\PrimitiveBatchLineVS.hlsl" />
    <FxCompile Include="Shaders\PrimitiveBatch\PrimitiveBatchPS.hlsl" />
    <FxCompile Include="Shaders\PrimitiveBatch\PrimitiveBatchRCLineGS.hlsl" />
    <FxCompile Include="Shaders\PrimitiveBatch\PrimitiveBatchRCLineVS.hlsl" />
    <FxCompile Include="Shaders\VideoEncoder\RGBToNV12CS.hlsl" />
    <FxCompile Include="Shaders\Bloom\BloomDownSamplePS.hlsl" />
    <FxCompile Include="Shaders\Bloom\BloomFilterPS.hlsl" />
    <FxCompile Include="Shaders\Bloom\BloomFinalPS.hlsl" />
    <FxCompile Include="Shaders\Bloom\BloomKarisAveragePS.hlsl" />
    <FxCompile Include="Shaders\Bloom\BloomHBlurCS.hlsl" />
    <FxCompile Include="Shaders\Bloom\BloomVBlurCS.hlsl" />
    <FxCompile Include="Shaders\FullScreen\FullScreenPS.hlsl" />
  </ItemGroup>
  <ItemGroup>
    <None Include="Shaders\Common.hlsli" />
  </ItemGroup>
</Project>